
Microsoft Visual Studio Solution File, Format Version 12.00
# Visual Studio Version 17
VisualStudioVersion = 17.1.32328.378
MinimumVisualStudioVersion = 10.0.40219.1
Project("{9A19103F-16F7-4668-BE54-9A1E7A4F7556}") = "ddd-sample", "ddd-sample\ddd-sample.csproj", "{A70CFA16-52E5-4681-9A51-4DCE015CBF6C}"
EndProject
Project("{FAE04EC0-301F-11D3-BF4B-00C04F79EFBC}") = "ddd-sample-domain", "ddd-sample-domain\ddd-sample-domain.csproj", "{FBFDE477-F7A0-4D7F-B826-8D0E21B542E1}"
EndProject
Global
	GlobalSection(SolutionConfigurationPlatforms) = preSolution
		Debug|Any CPU = Debug|Any CPU
		Release|Any CPU = Release|Any CPU
	EndGlobalSection
	GlobalSection(ProjectConfigurationPlatforms) = postSolution
		{A70CFA16-52E5-4681-9A51-4DCE015CBF6C}.Debug|Any CPU.ActiveCfg = Debug|Any CPU
		{A70CFA16-52E5-4681-9A51-4DCE015CBF6C}.Debug|Any CPU.Build.0 = Debug|Any CPU
		{A70CFA16-52E5-4681-9A51-4DCE015CBF6C}.Release|Any CPU.ActiveCfg = Release|Any CPU
		{A70CFA16-52E5-4681-9A51-4DCE015CBF6C}.Release|Any CPU.Build.0 = Release|Any CPU
		{FBFDE477-F7A0-4D7F-B826-8D0E21B542E1}.Debug|Any CPU.ActiveCfg = Debug|Any CPU
		{FBFDE477-F7A0-4D7F-B826-8D0E21B542E1}.Debug|Any CPU.Build.0 = Debug|Any CPU
		{FBFDE477-F7A0-4D7F-B826-8D0E21B542E1}.Release|Any CPU.ActiveCfg = Release|Any CPU
		{FBFDE477-F7A0-4D7F-B826-8D0E21B542E1}.Release|Any CPU.Build.0 = Release|Any CPU
	EndGlobalSection
	GlobalSection(SolutionProperties) = preSolution
		HideSolutionNode = FALSE
	EndGlobalSection
	GlobalSection(ExtensibilityGlobals) = postSolution
		SolutionGuid = {0550BFE7-F67D-43E3-ACF8-A51F74410137}
	EndGlobalSection
EndGlobal
